// !$*UTF8*$!
{
	archiveVersion = 1;
	classes = {
	};
	objectVersion = 50;
	objects = {

/* Begin PBXBuildFile section */
		A5079A8D232B4C6B00AFE337 /* AppDelegate.swift in Sources */ = {isa = PBXBuildFile; fileRef = A5079A8C232B4C6B00AFE337 /* AppDelegate.swift */; };
		A5079A92232B4C6B00AFE337 /* Main.storyboard in Resources */ = {isa = PBXBuildFile; fileRef = A5079A90232B4C6B00AFE337 /* Main.storyboard */; };
		A5079A94232B4C6D00AFE337 /* Assets.xcassets in Resources */ = {isa = PBXBuildFile; fileRef = A5079A93232B4C6D00AFE337 /* Assets.xcassets */; };
		A5079A97232B4C6D00AFE337 /* LaunchScreen.storyboard in Resources */ = {isa = PBXBuildFile; fileRef = A5079A95232B4C6D00AFE337 /* LaunchScreen.storyboard */; };
		A5079AA7232B51CA00AFE337 /* Note.swift in Sources */ = {isa = PBXBuildFile; fileRef = A5079AA6232B51CA00AFE337 /* Note.swift */; };
		A5079AA9232B56F300AFE337 /* Guide.swift in Sources */ = {isa = PBXBuildFile; fileRef = A5079AA8232B56F300AFE337 /* Guide.swift */; };
		A51B495D232C059000C162F1 /* NoteController.swift in Sources */ = {isa = PBXBuildFile; fileRef = A51B495C232C059000C162F1 /* NoteController.swift */; };
		A51B495F232C0C4100C162F1 /* GuideController.swift in Sources */ = {isa = PBXBuildFile; fileRef = A51B495E232C0C4100C162F1 /* GuideController.swift */; };
		A5243774232EE07B00A3CC7D /* BrewCollectionViewCell.swift in Sources */ = {isa = PBXBuildFile; fileRef = A5243773232EE07B00A3CC7D /* BrewCollectionViewCell.swift */; };
		A5243776232EE52A00A3CC7D /* BrewCollectionViewController.swift in Sources */ = {isa = PBXBuildFile; fileRef = A5243775232EE52A00A3CC7D /* BrewCollectionViewController.swift */; };
		A56DBDE3233746F400ACDC89 /* MainViewController.swift in Sources */ = {isa = PBXBuildFile; fileRef = A56DBDE2233746F400ACDC89 /* MainViewController.swift */; };
		A56FC0FD23395463007A6764 /* Custom.storyboard in Resources */ = {isa = PBXBuildFile; fileRef = A56FC0FC23395462007A6764 /* Custom.storyboard */; };
		A56FC0FF233965C8007A6764 /* GuideIntroViewController.swift in Sources */ = {isa = PBXBuildFile; fileRef = A56FC0FE233965C8007A6764 /* GuideIntroViewController.swift */; };
		A56FC102233972BB007A6764 /* CustomGuideViewController.swift in Sources */ = {isa = PBXBuildFile; fileRef = A56FC101233972BB007A6764 /* CustomGuideViewController.swift */; };
		A577E139232D6747001B80EB /* NotesListTableViewController.swift in Sources */ = {isa = PBXBuildFile; fileRef = A577E138232D6747001B80EB /* NotesListTableViewController.swift */; };
		A577E13B232D6B8C001B80EB /* NoteDetailViewController.swift in Sources */ = {isa = PBXBuildFile; fileRef = A577E13A232D6B8C001B80EB /* NoteDetailViewController.swift */; };
		A5A32792232F487300ED3CD4 /* SectionHeaderCollectionReusableView.swift in Sources */ = {isa = PBXBuildFile; fileRef = A5A32791232F487300ED3CD4 /* SectionHeaderCollectionReusableView.swift */; };
		A5A32798232FE9A100ED3CD4 /* BrewNotesViewController.swift in Sources */ = {isa = PBXBuildFile; fileRef = A5A32797232FE9A100ED3CD4 /* BrewNotesViewController.swift */; };
		A5A327A2233006FB00ED3CD4 /* Step.swift in Sources */ = {isa = PBXBuildFile; fileRef = A5A327A1233006FB00ED3CD4 /* Step.swift */; };
		A5CF3737233A8695001D2BFA /* AddStepViewController.swift in Sources */ = {isa = PBXBuildFile; fileRef = A5CF3736233A8695001D2BFA /* AddStepViewController.swift */; };
		A5CF3739233AC626001D2BFA /* StepController.swift in Sources */ = {isa = PBXBuildFile; fileRef = A5CF3738233AC626001D2BFA /* StepController.swift */; };
		A5D4E258233586AE0053CB21 /* InstructionViewController.swift in Sources */ = {isa = PBXBuildFile; fileRef = A5D4E257233586AE0053CB21 /* InstructionViewController.swift */; };
		A5DB41F223356DA500FECAA4 /* Home.storyboard in Resources */ = {isa = PBXBuildFile; fileRef = A5DB41F123356DA500FECAA4 /* Home.storyboard */; };
		A5EC2409232C1FA600DC1263 /* Learn.storyboard in Resources */ = {isa = PBXBuildFile; fileRef = A5EC2408232C1FA600DC1263 /* Learn.storyboard */; };
		A5EC240B232C1FB600DC1263 /* Notes.storyboard in Resources */ = {isa = PBXBuildFile; fileRef = A5EC240A232C1FB600DC1263 /* Notes.storyboard */; };
/* End PBXBuildFile section */

/* Begin PBXFileReference section */
		A5079A89232B4C6B00AFE337 /* Coffee.app */ = {isa = PBXFileReference; explicitFileType = wrapper.application; includeInIndex = 0; path = Coffee.app; sourceTree = BUILT_PRODUCTS_DIR; };
		A5079A8C232B4C6B00AFE337 /* AppDelegate.swift */ = {isa = PBXFileReference; lastKnownFileType = sourcecode.swift; path = AppDelegate.swift; sourceTree = "<group>"; };
		A5079A91232B4C6B00AFE337 /* Base */ = {isa = PBXFileReference; lastKnownFileType = file.storyboard; name = Base; path = Base.lproj/Main.storyboard; sourceTree = "<group>"; };
		A5079A93232B4C6D00AFE337 /* Assets.xcassets */ = {isa = PBXFileReference; lastKnownFileType = folder.assetcatalog; path = Assets.xcassets; sourceTree = "<group>"; };
		A5079A96232B4C6D00AFE337 /* Base */ = {isa = PBXFileReference; lastKnownFileType = file.storyboard; name = Base; path = Base.lproj/LaunchScreen.storyboard; sourceTree = "<group>"; };
		A5079A98232B4C6D00AFE337 /* Info.plist */ = {isa = PBXFileReference; lastKnownFileType = text.plist.xml; path = Info.plist; sourceTree = "<group>"; };
		A5079AA6232B51CA00AFE337 /* Note.swift */ = {isa = PBXFileReference; lastKnownFileType = sourcecode.swift; path = Note.swift; sourceTree = "<group>"; };
		A5079AA8232B56F300AFE337 /* Guide.swift */ = {isa = PBXFileReference; lastKnownFileType = sourcecode.swift; path = Guide.swift; sourceTree = "<group>"; };
		A51B495C232C059000C162F1 /* NoteController.swift */ = {isa = PBXFileReference; lastKnownFileType = sourcecode.swift; path = NoteController.swift; sourceTree = "<group>"; };
		A51B495E232C0C4100C162F1 /* GuideController.swift */ = {isa = PBXFileReference; lastKnownFileType = sourcecode.swift; path = GuideController.swift; sourceTree = "<group>"; };
		A5243773232EE07B00A3CC7D /* BrewCollectionViewCell.swift */ = {isa = PBXFileReference; lastKnownFileType = sourcecode.swift; path = BrewCollectionViewCell.swift; sourceTree = "<group>"; };
		A5243775232EE52A00A3CC7D /* BrewCollectionViewController.swift */ = {isa = PBXFileReference; lastKnownFileType = sourcecode.swift; path = BrewCollectionViewController.swift; sourceTree = "<group>"; };
		A56DBDE2233746F400ACDC89 /* MainViewController.swift */ = {isa = PBXFileReference; lastKnownFileType = sourcecode.swift; name = MainViewController.swift; path = Brewing/MainViewController.swift; sourceTree = "<group>"; };
		A56FC0FC23395462007A6764 /* Custom.storyboard */ = {isa = PBXFileReference; lastKnownFileType = file.storyboard; path = Custom.storyboard; sourceTree = "<group>"; };
		A56FC0FE233965C8007A6764 /* GuideIntroViewController.swift */ = {isa = PBXFileReference; lastKnownFileType = sourcecode.swift; path = GuideIntroViewController.swift; sourceTree = "<group>"; };
		A56FC101233972BB007A6764 /* CustomGuideViewController.swift */ = {isa = PBXFileReference; lastKnownFileType = sourcecode.swift; path = CustomGuideViewController.swift; sourceTree = "<group>"; };
		A577E138232D6747001B80EB /* NotesListTableViewController.swift */ = {isa = PBXFileReference; lastKnownFileType = sourcecode.swift; path = NotesListTableViewController.swift; sourceTree = "<group>"; };
		A577E13A232D6B8C001B80EB /* NoteDetailViewController.swift */ = {isa = PBXFileReference; lastKnownFileType = sourcecode.swift; path = NoteDetailViewController.swift; sourceTree = "<group>"; };
		A5A32791232F487300ED3CD4 /* SectionHeaderCollectionReusableView.swift */ = {isa = PBXFileReference; lastKnownFileType = sourcecode.swift; path = SectionHeaderCollectionReusableView.swift; sourceTree = "<group>"; };
		A5A32797232FE9A100ED3CD4 /* BrewNotesViewController.swift */ = {isa = PBXFileReference; lastKnownFileType = sourcecode.swift; path = BrewNotesViewController.swift; sourceTree = "<group>"; };
		A5A327A1233006FB00ED3CD4 /* Step.swift */ = {isa = PBXFileReference; lastKnownFileType = sourcecode.swift; path = Step.swift; sourceTree = "<group>"; };
		A5CF3736233A8695001D2BFA /* AddStepViewController.swift */ = {isa = PBXFileReference; lastKnownFileType = sourcecode.swift; path = AddStepViewController.swift; sourceTree = "<group>"; };
		A5CF3738233AC626001D2BFA /* StepController.swift */ = {isa = PBXFileReference; lastKnownFileType = sourcecode.swift; path = StepController.swift; sourceTree = "<group>"; };
		A5D4E257233586AE0053CB21 /* InstructionViewController.swift */ = {isa = PBXFileReference; lastKnownFileType = sourcecode.swift; path = InstructionViewController.swift; sourceTree = "<group>"; };
		A5DB41F123356DA500FECAA4 /* Home.storyboard */ = {isa = PBXFileReference; lastKnownFileType = file.storyboard; path = Home.storyboard; sourceTree = "<group>"; };
		A5EC2408232C1FA600DC1263 /* Learn.storyboard */ = {isa = PBXFileReference; lastKnownFileType = file.storyboard; path = Learn.storyboard; sourceTree = "<group>"; };
		A5EC240A232C1FB600DC1263 /* Notes.storyboard */ = {isa = PBXFileReference; lastKnownFileType = file.storyboard; path = Notes.storyboard; sourceTree = "<group>"; };
/* End PBXFileReference section */

/* Begin PBXFrameworksBuildPhase section */
		A5079A86232B4C6B00AFE337 /* Frameworks */ = {
			isa = PBXFrameworksBuildPhase;
			buildActionMask = 2147483647;
			files = (
			);
			runOnlyForDeploymentPostprocessing = 0;
		};
/* End PBXFrameworksBuildPhase section */

/* Begin PBXGroup section */
		A5079A80232B4C6B00AFE337 = {
			isa = PBXGroup;
			children = (
				A5079A8B232B4C6B00AFE337 /* Coffee */,
				A5079A8A232B4C6B00AFE337 /* Products */,
				A51B4959232C008000C162F1 /* Frameworks */,
			);
			sourceTree = "<group>";
		};
		A5079A8A232B4C6B00AFE337 /* Products */ = {
			isa = PBXGroup;
			children = (
				A5079A89232B4C6B00AFE337 /* Coffee.app */,
			);
			name = Products;
			sourceTree = "<group>";
		};
		A5079A8B232B4C6B00AFE337 /* Coffee */ = {
			isa = PBXGroup;
			children = (
				A5079AA1232B4CAE00AFE337 /* View Controllers */,
				A5079AA0232B4CA400AFE337 /* Model Controllers */,
				A5079A9F232B4C9D00AFE337 /* Models */,
				A5EC2404232C1F4400DC1263 /* Storyboards */,
				A5079A9E232B4C9200AFE337 /* Resources */,
			);
			path = Coffee;
			sourceTree = "<group>";
		};
		A5079A9E232B4C9200AFE337 /* Resources */ = {
			isa = PBXGroup;
			children = (
				A5079A8C232B4C6B00AFE337 /* AppDelegate.swift */,
				A5079A93232B4C6D00AFE337 /* Assets.xcassets */,
				A5079A95232B4C6D00AFE337 /* LaunchScreen.storyboard */,
				A5079A98232B4C6D00AFE337 /* Info.plist */,
			);
			path = Resources;
			sourceTree = "<group>";
		};
		A5079A9F232B4C9D00AFE337 /* Models */ = {
			isa = PBXGroup;
			children = (
				A5079AA8232B56F300AFE337 /* Guide.swift */,
				A5079AA6232B51CA00AFE337 /* Note.swift */,
				A5A327A1233006FB00ED3CD4 /* Step.swift */,
			);
			path = Models;
			sourceTree = "<group>";
		};
		A5079AA0232B4CA400AFE337 /* Model Controllers */ = {
			isa = PBXGroup;
			children = (
				A51B495C232C059000C162F1 /* NoteController.swift */,
				A51B495E232C0C4100C162F1 /* GuideController.swift */,
				A5CF3738233AC626001D2BFA /* StepController.swift */,
			);
			path = "Model Controllers";
			sourceTree = "<group>";
		};
		A5079AA1232B4CAE00AFE337 /* View Controllers */ = {
			isa = PBXGroup;
			children = (
				A56DBDE2233746F400ACDC89 /* MainViewController.swift */,
				A5A3279A232FEA4F00ED3CD4 /* Notes */,
				A5A32799232FEA3000ED3CD4 /* Brewing */,
				A521CA08233A633C00E3231A /* Custom Guide */,
			);
			path = "View Controllers";
			sourceTree = "<group>";
		};
		A51B4959232C008000C162F1 /* Frameworks */ = {
			isa = PBXGroup;
			children = (
			);
			name = Frameworks;
			sourceTree = "<group>";
		};
		A521CA08233A633C00E3231A /* Custom Guide */ = {
			isa = PBXGroup;
			children = (
				A56FC101233972BB007A6764 /* CustomGuideViewController.swift */,
				A5CF3736233A8695001D2BFA /* AddStepViewController.swift */,
			);
			path = "Custom Guide";
			sourceTree = "<group>";
		};
		A5A32799232FEA3000ED3CD4 /* Brewing */ = {
			isa = PBXGroup;
			children = (
				A5A32791232F487300ED3CD4 /* SectionHeaderCollectionReusableView.swift */,
				A5243773232EE07B00A3CC7D /* BrewCollectionViewCell.swift */,
				A5243775232EE52A00A3CC7D /* BrewCollectionViewController.swift */,
				A56FC0FE233965C8007A6764 /* GuideIntroViewController.swift */,
				A5D4E257233586AE0053CB21 /* InstructionViewController.swift */,
				A5A32797232FE9A100ED3CD4 /* BrewNotesViewController.swift */,
			);
			path = Brewing;
			sourceTree = "<group>";
		};
		A5A3279A232FEA4F00ED3CD4 /* Notes */ = {
			isa = PBXGroup;
			children = (
				A577E138232D6747001B80EB /* NotesListTableViewController.swift */,
				A577E13A232D6B8C001B80EB /* NoteDetailViewController.swift */,
			);
			path = Notes;
			sourceTree = "<group>";
		};
		A5EC2404232C1F4400DC1263 /* Storyboards */ = {
			isa = PBXGroup;
			children = (
				A5079A90232B4C6B00AFE337 /* Main.storyboard */,
				A5DB41F123356DA500FECAA4 /* Home.storyboard */,
				A56FC0FC23395462007A6764 /* Custom.storyboard */,
				A5EC240A232C1FB600DC1263 /* Notes.storyboard */,
				A5EC2408232C1FA600DC1263 /* Learn.storyboard */,
			);
			path = Storyboards;
			sourceTree = "<group>";
		};
/* End PBXGroup section */

/* Begin PBXNativeTarget section */
		A5079A88232B4C6B00AFE337 /* Coffee */ = {
			isa = PBXNativeTarget;
			buildConfigurationList = A5079A9B232B4C6D00AFE337 /* Build configuration list for PBXNativeTarget "Coffee" */;
			buildPhases = (
				A5079A85232B4C6B00AFE337 /* Sources */,
				A5079A86232B4C6B00AFE337 /* Frameworks */,
				A5079A87232B4C6B00AFE337 /* Resources */,
			);
			buildRules = (
			);
			dependencies = (
			);
			name = Coffee;
			productName = Coffee;
			productReference = A5079A89232B4C6B00AFE337 /* Coffee.app */;
			productType = "com.apple.product-type.application";
		};
/* End PBXNativeTarget section */

/* Begin PBXProject section */
		A5079A81232B4C6B00AFE337 /* Project object */ = {
			isa = PBXProject;
			attributes = {
				LastSwiftUpdateCheck = 1030;
				LastUpgradeCheck = 1030;
				ORGANIZATIONNAME = "Michael Moore";
				TargetAttributes = {
					A5079A88232B4C6B00AFE337 = {
						CreatedOnToolsVersion = 10.3;
						SystemCapabilities = {
							com.apple.Push = {
								enabled = 0;
							};
							com.apple.iCloud = {
								enabled = 0;
							};
						};
					};
				};
			};
			buildConfigurationList = A5079A84232B4C6B00AFE337 /* Build configuration list for PBXProject "Coffee" */;
			compatibilityVersion = "Xcode 9.3";
			developmentRegion = en;
			hasScannedForEncodings = 0;
			knownRegions = (
				en,
				Base,
			);
			mainGroup = A5079A80232B4C6B00AFE337;
			productRefGroup = A5079A8A232B4C6B00AFE337 /* Products */;
			projectDirPath = "";
			projectRoot = "";
			targets = (
				A5079A88232B4C6B00AFE337 /* Coffee */,
			);
		};
/* End PBXProject section */

/* Begin PBXResourcesBuildPhase section */
		A5079A87232B4C6B00AFE337 /* Resources */ = {
			isa = PBXResourcesBuildPhase;
			buildActionMask = 2147483647;
			files = (
				A5EC240B232C1FB600DC1263 /* Notes.storyboard in Resources */,
				A5079A97232B4C6D00AFE337 /* LaunchScreen.storyboard in Resources */,
				A5079A94232B4C6D00AFE337 /* Assets.xcassets in Resources */,
				A5EC2409232C1FA600DC1263 /* Learn.storyboard in Resources */,
				A56FC0FD23395463007A6764 /* Custom.storyboard in Resources */,
				A5079A92232B4C6B00AFE337 /* Main.storyboard in Resources */,
				A5DB41F223356DA500FECAA4 /* Home.storyboard in Resources */,
			);
			runOnlyForDeploymentPostprocessing = 0;
		};
/* End PBXResourcesBuildPhase section */

/* Begin PBXSourcesBuildPhase section */
		A5079A85232B4C6B00AFE337 /* Sources */ = {
			isa = PBXSourcesBuildPhase;
			buildActionMask = 2147483647;
			files = (
				A5A32798232FE9A100ED3CD4 /* BrewNotesViewController.swift in Sources */,
				A51B495D232C059000C162F1 /* NoteController.swift in Sources */,
				A56FC102233972BB007A6764 /* CustomGuideViewController.swift in Sources */,
				A56FC0FF233965C8007A6764 /* GuideIntroViewController.swift in Sources */,
				A5D4E258233586AE0053CB21 /* InstructionViewController.swift in Sources */,
				A5CF3739233AC626001D2BFA /* StepController.swift in Sources */,
				A5079AA9232B56F300AFE337 /* Guide.swift in Sources */,
				A51B495F232C0C4100C162F1 /* GuideController.swift in Sources */,
				A5079AA7232B51CA00AFE337 /* Note.swift in Sources */,
				A5243774232EE07B00A3CC7D /* BrewCollectionViewCell.swift in Sources */,
				A577E13B232D6B8C001B80EB /* NoteDetailViewController.swift in Sources */,
				A5243776232EE52A00A3CC7D /* BrewCollectionViewController.swift in Sources */,
				A577E139232D6747001B80EB /* NotesListTableViewController.swift in Sources */,
				A5A32792232F487300ED3CD4 /* SectionHeaderCollectionReusableView.swift in Sources */,
				A56DBDE3233746F400ACDC89 /* MainViewController.swift in Sources */,
				A5079A8D232B4C6B00AFE337 /* AppDelegate.swift in Sources */,
				A5CF3737233A8695001D2BFA /* AddStepViewController.swift in Sources */,
				A5A327A2233006FB00ED3CD4 /* Step.swift in Sources */,
			);
			runOnlyForDeploymentPostprocessing = 0;
		};
/* End PBXSourcesBuildPhase section */

/* Begin PBXVariantGroup section */
		A5079A90232B4C6B00AFE337 /* Main.storyboard */ = {
			isa = PBXVariantGroup;
			children = (
				A5079A91232B4C6B00AFE337 /* Base */,
			);
			name = Main.storyboard;
			sourceTree = "<group>";
		};
		A5079A95232B4C6D00AFE337 /* LaunchScreen.storyboard */ = {
			isa = PBXVariantGroup;
			children = (
				A5079A96232B4C6D00AFE337 /* Base */,
			);
			name = LaunchScreen.storyboard;
			sourceTree = "<group>";
		};
/* End PBXVariantGroup section */

/* Begin XCBuildConfiguration section */
		A5079A99232B4C6D00AFE337 /* Debug */ = {
			isa = XCBuildConfiguration;
			buildSettings = {
				ALWAYS_SEARCH_USER_PATHS = NO;
				CLANG_ANALYZER_NONNULL = YES;
				CLANG_ANALYZER_NUMBER_OBJECT_CONVERSION = YES_AGGRESSIVE;
				CLANG_CXX_LANGUAGE_STANDARD = "gnu++14";
				CLANG_CXX_LIBRARY = "libc++";
				CLANG_ENABLE_MODULES = YES;
				CLANG_ENABLE_OBJC_ARC = YES;
				CLANG_ENABLE_OBJC_WEAK = YES;
				CLANG_WARN_BLOCK_CAPTURE_AUTORELEASING = YES;
				CLANG_WARN_BOOL_CONVERSION = YES;
				CLANG_WARN_COMMA = YES;
				CLANG_WARN_CONSTANT_CONVERSION = YES;
				CLANG_WARN_DEPRECATED_OBJC_IMPLEMENTATIONS = YES;
				CLANG_WARN_DIRECT_OBJC_ISA_USAGE = YES_ERROR;
				CLANG_WARN_DOCUMENTATION_COMMENTS = YES;
				CLANG_WARN_EMPTY_BODY = YES;
				CLANG_WARN_ENUM_CONVERSION = YES;
				CLANG_WARN_INFINITE_RECURSION = YES;
				CLANG_WARN_INT_CONVERSION = YES;
				CLANG_WARN_NON_LITERAL_NULL_CONVERSION = YES;
				CLANG_WARN_OBJC_IMPLICIT_RETAIN_SELF = YES;
				CLANG_WARN_OBJC_LITERAL_CONVERSION = YES;
				CLANG_WARN_OBJC_ROOT_CLASS = YES_ERROR;
				CLANG_WARN_RANGE_LOOP_ANALYSIS = YES;
				CLANG_WARN_STRICT_PROTOTYPES = YES;
				CLANG_WARN_SUSPICIOUS_MOVE = YES;
				CLANG_WARN_UNGUARDED_AVAILABILITY = YES_AGGRESSIVE;
				CLANG_WARN_UNREACHABLE_CODE = YES;
				CLANG_WARN__DUPLICATE_METHOD_MATCH = YES;
				CODE_SIGN_IDENTITY = "iPhone Developer";
				COPY_PHASE_STRIP = NO;
				DEBUG_INFORMATION_FORMAT = dwarf;
				ENABLE_STRICT_OBJC_MSGSEND = YES;
				ENABLE_TESTABILITY = YES;
				GCC_C_LANGUAGE_STANDARD = gnu11;
				GCC_DYNAMIC_NO_PIC = NO;
				GCC_NO_COMMON_BLOCKS = YES;
				GCC_OPTIMIZATION_LEVEL = 0;
				GCC_PREPROCESSOR_DEFINITIONS = (
					"DEBUG=1",
					"$(inherited)",
				);
				GCC_WARN_64_TO_32_BIT_CONVERSION = YES;
				GCC_WARN_ABOUT_RETURN_TYPE = YES_ERROR;
				GCC_WARN_UNDECLARED_SELECTOR = YES;
				GCC_WARN_UNINITIALIZED_AUTOS = YES_AGGRESSIVE;
				GCC_WARN_UNUSED_FUNCTION = YES;
				GCC_WARN_UNUSED_VARIABLE = YES;
				IPHONEOS_DEPLOYMENT_TARGET = 12.4;
				MTL_ENABLE_DEBUG_INFO = INCLUDE_SOURCE;
				MTL_FAST_MATH = YES;
				ONLY_ACTIVE_ARCH = YES;
				SDKROOT = iphoneos;
				SWIFT_ACTIVE_COMPILATION_CONDITIONS = DEBUG;
				SWIFT_OPTIMIZATION_LEVEL = "-Onone";
			};
			name = Debug;
		};
		A5079A9A232B4C6D00AFE337 /* Release */ = {
			isa = XCBuildConfiguration;
			buildSettings = {
				ALWAYS_SEARCH_USER_PATHS = NO;
				CLANG_ANALYZER_NONNULL = YES;
				CLANG_ANALYZER_NUMBER_OBJECT_CONVERSION = YES_AGGRESSIVE;
				CLANG_CXX_LANGUAGE_STANDARD = "gnu++14";
				CLANG_CXX_LIBRARY = "libc++";
				CLANG_ENABLE_MODULES = YES;
				CLANG_ENABLE_OBJC_ARC = YES;
				CLANG_ENABLE_OBJC_WEAK = YES;
				CLANG_WARN_BLOCK_CAPTURE_AUTORELEASING = YES;
				CLANG_WARN_BOOL_CONVERSION = YES;
				CLANG_WARN_COMMA = YES;
				CLANG_WARN_CONSTANT_CONVERSION = YES;
				CLANG_WARN_DEPRECATED_OBJC_IMPLEMENTATIONS = YES;
				CLANG_WARN_DIRECT_OBJC_ISA_USAGE = YES_ERROR;
				CLANG_WARN_DOCUMENTATION_COMMENTS = YES;
				CLANG_WARN_EMPTY_BODY = YES;
				CLANG_WARN_ENUM_CONVERSION = YES;
				CLANG_WARN_INFINITE_RECURSION = YES;
				CLANG_WARN_INT_CONVERSION = YES;
				CLANG_WARN_NON_LITERAL_NULL_CONVERSION = YES;
				CLANG_WARN_OBJC_IMPLICIT_RETAIN_SELF = YES;
				CLANG_WARN_OBJC_LITERAL_CONVERSION = YES;
				CLANG_WARN_OBJC_ROOT_CLASS = YES_ERROR;
				CLANG_WARN_RANGE_LOOP_ANALYSIS = YES;
				CLANG_WARN_STRICT_PROTOTYPES = YES;
				CLANG_WARN_SUSPICIOUS_MOVE = YES;
				CLANG_WARN_UNGUARDED_AVAILABILITY = YES_AGGRESSIVE;
				CLANG_WARN_UNREACHABLE_CODE = YES;
				CLANG_WARN__DUPLICATE_METHOD_MATCH = YES;
				CODE_SIGN_IDENTITY = "iPhone Developer";
				COPY_PHASE_STRIP = NO;
				DEBUG_INFORMATION_FORMAT = "dwarf-with-dsym";
				ENABLE_NS_ASSERTIONS = NO;
				ENABLE_STRICT_OBJC_MSGSEND = YES;
				GCC_C_LANGUAGE_STANDARD = gnu11;
				GCC_NO_COMMON_BLOCKS = YES;
				GCC_WARN_64_TO_32_BIT_CONVERSION = YES;
				GCC_WARN_ABOUT_RETURN_TYPE = YES_ERROR;
				GCC_WARN_UNDECLARED_SELECTOR = YES;
				GCC_WARN_UNINITIALIZED_AUTOS = YES_AGGRESSIVE;
				GCC_WARN_UNUSED_FUNCTION = YES;
				GCC_WARN_UNUSED_VARIABLE = YES;
				IPHONEOS_DEPLOYMENT_TARGET = 12.4;
				MTL_ENABLE_DEBUG_INFO = NO;
				MTL_FAST_MATH = YES;
				SDKROOT = iphoneos;
				SWIFT_COMPILATION_MODE = wholemodule;
				SWIFT_OPTIMIZATION_LEVEL = "-O";
				VALIDATE_PRODUCT = YES;
			};
			name = Release;
		};
		A5079A9C232B4C6D00AFE337 /* Debug */ = {
			isa = XCBuildConfiguration;
			buildSettings = {
				ASSETCATALOG_COMPILER_APPICON_NAME = AppIcon;
				CODE_SIGN_STYLE = Automatic;
				DEVELOPMENT_TEAM = 5H77479UZ4;
				INFOPLIST_FILE = "$(SRCROOT)/Coffee/Resources/Info.plist";
				LD_RUNPATH_SEARCH_PATHS = (
					"$(inherited)",
					"@executable_path/Frameworks",
				);
				PRODUCT_BUNDLE_IDENTIFIER = com.michaelhmoore.Coffee;
				PRODUCT_NAME = "$(TARGET_NAME)";
				SWIFT_VERSION = 5.0;
				TARGETED_DEVICE_FAMILY = "1,2";
			};
			name = Debug;
		};
		A5079A9D232B4C6D00AFE337 /* Release */ = {
			isa = XCBuildConfiguration;
			buildSettings = {
				ASSETCATALOG_COMPILER_APPICON_NAME = AppIcon;
				CODE_SIGN_STYLE = Automatic;
				DEVELOPMENT_TEAM = 5H77479UZ4;
				INFOPLIST_FILE = "$(SRCROOT)/Coffee/Resources/Info.plist";
				LD_RUNPATH_SEARCH_PATHS = (
					"$(inherited)",
					"@executable_path/Frameworks",
				);
				PRODUCT_BUNDLE_IDENTIFIER = com.michaelhmoore.Coffee;
				PRODUCT_NAME = "$(TARGET_NAME)";
				SWIFT_VERSION = 5.0;
				TARGETED_DEVICE_FAMILY = "1,2";
			};
			name = Release;
		};
/* End XCBuildConfiguration section */

/* Begin XCConfigurationList section */
		A5079A84232B4C6B00AFE337 /* Build configuration list for PBXProject "Coffee" */ = {
			isa = XCConfigurationList;
			buildConfigurations = (
				A5079A99232B4C6D00AFE337 /* Debug */,
				A5079A9A232B4C6D00AFE337 /* Release */,
			);
			defaultConfigurationIsVisible = 0;
			defaultConfigurationName = Release;
		};
		A5079A9B232B4C6D00AFE337 /* Build configuration list for PBXNativeTarget "Coffee" */ = {
			isa = XCConfigurationList;
			buildConfigurations = (
				A5079A9C232B4C6D00AFE337 /* Debug */,
				A5079A9D232B4C6D00AFE337 /* Release */,
			);
			defaultConfigurationIsVisible = 0;
			defaultConfigurationName = Release;
		};
/* End XCConfigurationList section */
	};
	rootObject = A5079A81232B4C6B00AFE337 /* Project object */;
}
